Microsoft Visual Studio Solution File, Format Version 12.00
# Visual Studio Version 17
VisualStudioVersion = 17.5.2.0
MinimumVisualStudioVersion = 10.0.40219.1
Project("{FAE04EC0-301F-11D3-BF4B-00C04F79EFBC}") = "cellularLife", "cellularLife.csproj", "{68A636AA-0908-2D61-2D02-00D89FC18641}"
EndProject
Global
	GlobalSection(SolutionConfigurationPlatforms) = preSolution
		Debug|Any CPU = Debug|Any CPU
		Release|Any CPU = Release|Any CPU
	EndGlobalSection
	GlobalSection(ProjectConfigurationPlatforms) = postSolution
		{68A636AA-0908-2D61-2D02-00D89FC18641}.Debug|Any CPU.ActiveCfg = Debug|Any CPU
		{68A636AA-0908-2D61-2D02-00D89FC18641}.Debug|Any CPU.Build.0 = Debug|Any CPU
		{68A636AA-0908-2D61-2D02-00D89FC18641}.Release|Any CPU.ActiveCfg = Release|Any CPU
		{68A636AA-0908-2D61-2D02-00D89FC18641}.Release|Any CPU.Build.0 = Release|Any CPU
	EndGlobalSection
	GlobalSection(SolutionProperties) = preSolution
		HideSolutionNode = FALSE
	EndGlobalSection
	GlobalSection(ExtensibilityGlobals) = postSolution
		SolutionGuid = {C033DF53-20FC-4262-B028-56E9F77ECAD3}
	EndGlobalSection
EndGlobal
